
Microsoft Visual Studio Solution File, Format Version 12.00
# Visual Studio Version 17
VisualStudioVersion = 17.0.31903.59
MinimumVisualStudioVersion = 10.0.40219.1
Project("{FAE04EC0-301F-11D3-BF4B-00C04F79EFBC}") = "WebStore.API", "WebStore.API\WebStore.API.csproj", "{A440FBD6-2650-4F45-A891-67BA5F849F3E}"
EndProject
Project("{FAE04EC0-301F-11D3-BF4B-00C04F79EFBC}") = "WebStore.Application", "WebStore.Application\WebStore.Application.csproj", "{6C7C29D6-73A7-4E01-A662-A1BE562A7405}"
EndProject
Project("{FAE04EC0-301F-11D3-BF4B-00C04F79EFBC}") = "WebStore.Domain", "WebStore.Domain\WebStore.Domain.csproj", "{61A0C22A-0F30-4791-B12D-13DB985A599E}"
EndProject
Project("{FAE04EC0-301F-11D3-BF4B-00C04F79EFBC}") = "WebStore.Infrastructure", "WebStore.Infrastructure\WebStore.Infrastructure.csproj", "{E8A82227-C0B2-46AF-9B97-07432F9C94D0}"
EndProject
Project("{FAE04EC0-301F-11D3-BF4B-00C04F79EFBC}") = "WebStore.Tests", "WebStore.Tests\WebStore.Tests.csproj", "{EAA38711-1C90-4BF7-8AEB-2FC3BEF460EC}"
EndProject
Global
	GlobalSection(SolutionConfigurationPlatforms) = preSolution
		Debug|Any CPU = Debug|Any CPU
		Release|Any CPU = Release|Any CPU
	EndGlobalSection
	GlobalSection(SolutionProperties) = preSolution
		HideSolutionNode = FALSE
	EndGlobalSection
	GlobalSection(ProjectConfigurationPlatforms) = postSolution
		{A440FBD6-2650-4F45-A891-67BA5F849F3E}.Debug|Any CPU.ActiveCfg = Debug|Any CPU
		{A440FBD6-2650-4F45-A891-67BA5F849F3E}.Debug|Any CPU.Build.0 = Debug|Any CPU
		{A440FBD6-2650-4F45-A891-67BA5F849F3E}.Release|Any CPU.ActiveCfg = Release|Any CPU
		{A440FBD6-2650-4F45-A891-67BA5F849F3E}.Release|Any CPU.Build.0 = Release|Any CPU
		{6C7C29D6-73A7-4E01-A662-A1BE562A7405}.Debug|Any CPU.ActiveCfg = Debug|Any CPU
		{6C7C29D6-73A7-4E01-A662-A1BE562A7405}.Debug|Any CPU.Build.0 = Debug|Any CPU
		{6C7C29D6-73A7-4E01-A662-A1BE562A7405}.Release|Any CPU.ActiveCfg = Release|Any CPU
		{6C7C29D6-73A7-4E01-A662-A1BE562A7405}.Release|Any CPU.Build.0 = Release|Any CPU
		{61A0C22A-0F30-4791-B12D-13DB985A599E}.Debug|Any CPU.ActiveCfg = Debug|Any CPU
		{61A0C22A-0F30-4791-B12D-13DB985A599E}.Debug|Any CPU.Build.0 = Debug|Any CPU
		{61A0C22A-0F30-4791-B12D-13DB985A599E}.Release|Any CPU.ActiveCfg = Release|Any CPU
		{61A0C22A-0F30-4791-B12D-13DB985A599E}.Release|Any CPU.Build.0 = Release|Any CPU
		{E8A82227-C0B2-46AF-9B97-07432F9C94D0}.Debug|Any CPU.ActiveCfg = Debug|Any CPU
		{E8A82227-C0B2-46AF-9B97-07432F9C94D0}.Debug|Any CPU.Build.0 = Debug|Any CPU
		{E8A82227-C0B2-46AF-9B97-07432F9C94D0}.Release|Any CPU.ActiveCfg = Release|Any CPU
		{E8A82227-C0B2-46AF-9B97-07432F9C94D0}.Release|Any CPU.Build.0 = Release|Any CPU
		{EAA38711-1C90-4BF7-8AEB-2FC3BEF460EC}.Debug|Any CPU.ActiveCfg = Debug|Any CPU
		{EAA38711-1C90-4BF7-8AEB-2FC3BEF460EC}.Debug|Any CPU.Build.0 = Debug|Any CPU
		{EAA38711-1C90-4BF7-8AEB-2FC3BEF460EC}.Release|Any CPU.ActiveCfg = Release|Any CPU
		{EAA38711-1C90-4BF7-8AEB-2FC3BEF460EC}.Release|Any CPU.Build.0 = Release|Any CPU
	EndGlobalSection
EndGlobal
